
Microsoft Visual Studio Solution File, Format Version 12.00
# Visual Studio Version 17
VisualStudioVersion = 17.7.34024.191
MinimumVisualStudioVersion = 10.0.40219.1
Project("{9A19103F-16F7-4668-BE54-9A1E7A4F7556}") = "CaveOfEnviorments", "CaveOfEnviorments\CaveOfEnviorments.csproj", "{FEDA9B8B-03D5-445B-A0F5-FC2A88684C3E}"
EndProject
Project("{9A19103F-16F7-4668-BE54-9A1E7A4F7556}") = "GameCompLibrary", "GameCompLibrary\GameCompLibrary.csproj", "{FBB40440-2FFF-490A-B082-91F6F12895FB}"
EndProject
Project("{FAE04EC0-301F-11D3-BF4B-00C04F79EFBC}") = "GameComponentsTest", "GameComponentsTest\GameComponentsTest.csproj", "{F0E51842-AF14-4815-923A-D1AEDE80D6BA}"
	ProjectSection(ProjectDependencies) = postProject
		{FBB40440-2FFF-490A-B082-91F6F12895FB} = {FBB40440-2FFF-490A-B082-91F6F12895FB}
	EndProjectSection
EndProject
Global
	GlobalSection(SolutionConfigurationPlatforms) = preSolution
		Debug|Any CPU = Debug|Any CPU
		Release|Any CPU = Release|Any CPU
	EndGlobalSection
	GlobalSection(ProjectConfigurationPlatforms) = postSolution
		{FEDA9B8B-03D5-445B-A0F5-FC2A88684C3E}.Debug|Any CPU.ActiveCfg = Debug|Any CPU
		{FEDA9B8B-03D5-445B-A0F5-FC2A88684C3E}.Debug|Any CPU.Build.0 = Debug|Any CPU
		{FEDA9B8B-03D5-445B-A0F5-FC2A88684C3E}.Release|Any CPU.ActiveCfg = Release|Any CPU
		{FEDA9B8B-03D5-445B-A0F5-FC2A88684C3E}.Release|Any CPU.Build.0 = Release|Any CPU
		{FBB40440-2FFF-490A-B082-91F6F12895FB}.Debug|Any CPU.ActiveCfg = Debug|Any CPU
		{FBB40440-2FFF-490A-B082-91F6F12895FB}.Debug|Any CPU.Build.0 = Debug|Any CPU
		{FBB40440-2FFF-490A-B082-91F6F12895FB}.Release|Any CPU.ActiveCfg = Release|Any CPU
		{FBB40440-2FFF-490A-B082-91F6F12895FB}.Release|Any CPU.Build.0 = Release|Any CPU
		{F0E51842-AF14-4815-923A-D1AEDE80D6BA}.Debug|Any CPU.ActiveCfg = Debug|Any CPU
		{F0E51842-AF14-4815-923A-D1AEDE80D6BA}.Debug|Any CPU.Build.0 = Debug|Any CPU
		{F0E51842-AF14-4815-923A-D1AEDE80D6BA}.Release|Any CPU.ActiveCfg = Release|Any CPU
		{F0E51842-AF14-4815-923A-D1AEDE80D6BA}.Release|Any CPU.Build.0 = Release|Any CPU
	EndGlobalSection
	GlobalSection(SolutionProperties) = preSolution
		HideSolutionNode = FALSE
	EndGlobalSection
	GlobalSection(ExtensibilityGlobals) = postSolution
		SolutionGuid = {D1CDF264-117E-4AD7-BF5A-31A200EA3835}
	EndGlobalSection
EndGlobal
